
Microsoft Visual Studio Solution File, Format Version 12.00
# Visual Studio 15
VisualStudioVersion = 15.0.27130.0
MinimumVisualStudioVersion = 10.0.40219.1
Project("{FAE04EC0-301F-11D3-BF4B-00C04F79EFBC}") = "OperatorOverloading", "OperatorOverloading\OperatorOverloading.csproj", "{AE0451C8-6B29-4D30-A30E-9CBBB3AA53AF}"
EndProject
Global
	GlobalSection(SolutionConfigurationPlatforms) = preSolution
		Debug|Any CPU = Debug|Any CPU
		Release|Any CPU = Release|Any CPU
	EndGlobalSection
	GlobalSection(ProjectConfigurationPlatforms) = postSolution
		{AE0451C8-6B29-4D30-A30E-9CBBB3AA53AF}.Debug|Any CPU.ActiveCfg = Debug|Any CPU
		{AE0451C8-6B29-4D30-A30E-9CBBB3AA53AF}.Debug|Any CPU.Build.0 = Debug|Any CPU
		{AE0451C8-6B29-4D30-A30E-9CBBB3AA53AF}.Release|Any CPU.ActiveCfg = Release|Any CPU
		{AE0451C8-6B29-4D30-A30E-9CBBB3AA53AF}.Release|Any CPU.Build.0 = Release|Any CPU
	EndGlobalSection
	GlobalSection(SolutionProperties) = preSolution
		HideSolutionNode = FALSE
	EndGlobalSection
	GlobalSection(ExtensibilityGlobals) = postSolution
		SolutionGuid = {6E488BE3-577E-42C1-8431-97F338A70A22}
	EndGlobalSection
EndGlobal
