
Microsoft Visual Studio Solution File, Format Version 12.00
# Visual Studio 15
VisualStudioVersion = 15.0.27130.0
MinimumVisualStudioVersion = 10.0.40219.1
Project("{FAE04EC0-301F-11D3-BF4B-00C04F79EFBC}") = "VariablesAndDataTypes", "VariablesAndDataTypes\VariablesAndDataTypes.csproj", "{8694EC7F-1873-42FE-ADF7-E8D818C44087}"
EndProject
Global
	GlobalSection(SolutionConfigurationPlatforms) = preSolution
		Debug|Any CPU = Debug|Any CPU
		Release|Any CPU = Release|Any CPU
	EndGlobalSection
	GlobalSection(ProjectConfigurationPlatforms) = postSolution
		{8694EC7F-1873-42FE-ADF7-E8D818C44087}.Debug|Any CPU.ActiveCfg = Debug|Any CPU
		{8694EC7F-1873-42FE-ADF7-E8D818C44087}.Debug|Any CPU.Build.0 = Debug|Any CPU
		{8694EC7F-1873-42FE-ADF7-E8D818C44087}.Release|Any CPU.ActiveCfg = Release|Any CPU
		{8694EC7F-1873-42FE-ADF7-E8D818C44087}.Release|Any CPU.Build.0 = Release|Any CPU
	EndGlobalSection
	GlobalSection(SolutionProperties) = preSolution
		HideSolutionNode = FALSE
	EndGlobalSection
	GlobalSection(ExtensibilityGlobals) = postSolution
		SolutionGuid = {41A3FFB8-5BA1-4536-9F8D-2DF3CA286FA6}
	EndGlobalSection
EndGlobal
