
Microsoft Visual Studio Solution File, Format Version 12.00
# Visual Studio 15
VisualStudioVersion = 15.0.27130.0
MinimumVisualStudioVersion = 10.0.40219.1
Project("{FAE04EC0-301F-11D3-BF4B-00C04F79EFBC}") = "DateTimeDrill", "DateTimeDrill\DateTimeDrill.csproj", "{4F7269BE-511C-463B-9DA1-EAC619595405}"
EndProject
Global
	GlobalSection(SolutionConfigurationPlatforms) = preSolution
		Debug|Any CPU = Debug|Any CPU
		Release|Any CPU = Release|Any CPU
	EndGlobalSection
	GlobalSection(ProjectConfigurationPlatforms) = postSolution
		{4F7269BE-511C-463B-9DA1-EAC619595405}.Debug|Any CPU.ActiveCfg = Debug|Any CPU
		{4F7269BE-511C-463B-9DA1-EAC619595405}.Debug|Any CPU.Build.0 = Debug|Any CPU
		{4F7269BE-511C-463B-9DA1-EAC619595405}.Release|Any CPU.ActiveCfg = Release|Any CPU
		{4F7269BE-511C-463B-9DA1-EAC619595405}.Release|Any CPU.Build.0 = Release|Any CPU
	EndGlobalSection
	GlobalSection(SolutionProperties) = preSolution
		HideSolutionNode = FALSE
	EndGlobalSection
	GlobalSection(ExtensibilityGlobals) = postSolution
		SolutionGuid = {62C81FDA-B720-4447-BEF5-27B65309C2EE}
	EndGlobalSection
EndGlobal
