
Microsoft Visual Studio Solution File, Format Version 12.00
# Visual Studio 15
VisualStudioVersion = 15.0.27130.0
MinimumVisualStudioVersion = 10.0.40219.1
Project("{FAE04EC0-301F-11D3-BF4B-00C04F79EFBC}") = "Branching", "Branching\Branching.csproj", "{FD62630B-4EDF-44E2-A790-C4C407B96EAF}"
EndProject
Global
	GlobalSection(SolutionConfigurationPlatforms) = preSolution
		Debug|Any CPU = Debug|Any CPU
		Release|Any CPU = Release|Any CPU
	EndGlobalSection
	GlobalSection(ProjectConfigurationPlatforms) = postSolution
		{FD62630B-4EDF-44E2-A790-C4C407B96EAF}.Debug|Any CPU.ActiveCfg = Debug|Any CPU
		{FD62630B-4EDF-44E2-A790-C4C407B96EAF}.Debug|Any CPU.Build.0 = Debug|Any CPU
		{FD62630B-4EDF-44E2-A790-C4C407B96EAF}.Release|Any CPU.ActiveCfg = Release|Any CPU
		{FD62630B-4EDF-44E2-A790-C4C407B96EAF}.Release|Any CPU.Build.0 = Release|Any CPU
	EndGlobalSection
	GlobalSection(SolutionProperties) = preSolution
		HideSolutionNode = FALSE
	EndGlobalSection
	GlobalSection(ExtensibilityGlobals) = postSolution
		SolutionGuid = {0778DB37-7AFB-4919-BDC0-734F8C4DBD72}
	EndGlobalSection
EndGlobal
