
Microsoft Visual Studio Solution File, Format Version 12.00
# Visual Studio 15
VisualStudioVersion = 15.0.27130.0
MinimumVisualStudioVersion = 10.0.40219.1
Project("{FAE04EC0-301F-11D3-BF4B-00C04F79EFBC}") = "AbsractClass", "AbsractClass\AbsractClass.csproj", "{540E1616-06ED-4968-9FA0-A5E7931DBF82}"
EndProject
Global
	GlobalSection(SolutionConfigurationPlatforms) = preSolution
		Debug|Any CPU = Debug|Any CPU
		Release|Any CPU = Release|Any CPU
	EndGlobalSection
	GlobalSection(ProjectConfigurationPlatforms) = postSolution
		{540E1616-06ED-4968-9FA0-A5E7931DBF82}.Debug|Any CPU.ActiveCfg = Debug|Any CPU
		{540E1616-06ED-4968-9FA0-A5E7931DBF82}.Debug|Any CPU.Build.0 = Debug|Any CPU
		{540E1616-06ED-4968-9FA0-A5E7931DBF82}.Release|Any CPU.ActiveCfg = Release|Any CPU
		{540E1616-06ED-4968-9FA0-A5E7931DBF82}.Release|Any CPU.Build.0 = Release|Any CPU
	EndGlobalSection
	GlobalSection(SolutionProperties) = preSolution
		HideSolutionNode = FALSE
	EndGlobalSection
	GlobalSection(ExtensibilityGlobals) = postSolution
		SolutionGuid = {67328F0A-E61D-4A86-A9FB-B02CDAAFB1F2}
	EndGlobalSection
EndGlobal
